
Microsoft Visual Studio Solution File, Format Version 12.00
# Visual Studio Version 17
VisualStudioVersion = 17.14.36915.13
MinimumVisualStudioVersion = 10.0.40219.1
Project("{FAE04EC0-301F-11D3-BF4B-00C04F79EFBC}") = "GymSystemDAL", "GymSystemDAL\GymSystemDAL.csproj", "{13EEE02D-D39D-443E-8071-A5F872536A89}"
EndProject
Project("{FAE04EC0-301F-11D3-BF4B-00C04F79EFBC}") = "GymSystemBLL", "GymSystemBLL\GymSystemBLL.csproj", "{EECDE373-FE60-4067-962D-498604356290}"
	ProjectSection(ProjectDependencies) = postProject
		{13EEE02D-D39D-443E-8071-A5F872536A89} = {13EEE02D-D39D-443E-8071-A5F872536A89}
	EndProjectSection
EndProject
Project("{FAE04EC0-301F-11D3-BF4B-00C04F79EFBC}") = "GymSystemPL", "GymSystemPL0\GymSystemPL.csproj", "{E4FBED38-535C-4F6D-8E97-0ED9CB3579DE}"
EndProject
Global
	GlobalSection(SolutionConfigurationPlatforms) = preSolution
		Debug|Any CPU = Debug|Any CPU
		Release|Any CPU = Release|Any CPU
	EndGlobalSection
	GlobalSection(ProjectConfigurationPlatforms) = postSolution
		{13EEE02D-D39D-443E-8071-A5F872536A89}.Debug|Any CPU.ActiveCfg = Debug|Any CPU
		{13EEE02D-D39D-443E-8071-A5F872536A89}.Debug|Any CPU.Build.0 = Debug|Any CPU
		{13EEE02D-D39D-443E-8071-A5F872536A89}.Release|Any CPU.ActiveCfg = Release|Any CPU
		{13EEE02D-D39D-443E-8071-A5F872536A89}.Release|Any CPU.Build.0 = Release|Any CPU
		{EECDE373-FE60-4067-962D-498604356290}.Debug|Any CPU.ActiveCfg = Debug|Any CPU
		{EECDE373-FE60-4067-962D-498604356290}.Debug|Any CPU.Build.0 = Debug|Any CPU
		{EECDE373-FE60-4067-962D-498604356290}.Release|Any CPU.ActiveCfg = Release|Any CPU
		{EECDE373-FE60-4067-962D-498604356290}.Release|Any CPU.Build.0 = Release|Any CPU
		{E4FBED38-535C-4F6D-8E97-0ED9CB3579DE}.Debug|Any CPU.ActiveCfg = Debug|Any CPU
		{E4FBED38-535C-4F6D-8E97-0ED9CB3579DE}.Debug|Any CPU.Build.0 = Debug|Any CPU
		{E4FBED38-535C-4F6D-8E97-0ED9CB3579DE}.Release|Any CPU.ActiveCfg = Release|Any CPU
		{E4FBED38-535C-4F6D-8E97-0ED9CB3579DE}.Release|Any CPU.Build.0 = Release|Any CPU
	EndGlobalSection
	GlobalSection(SolutionProperties) = preSolution
		HideSolutionNode = FALSE
	EndGlobalSection
	GlobalSection(ExtensibilityGlobals) = postSolution
		SolutionGuid = {E299D3B4-7E48-4A7E-A454-6655082678F0}
	EndGlobalSection
EndGlobal
